
Microsoft Visual Studio Solution File, Format Version 12.00
# Visual Studio Express 2012 for Windows Desktop
Project("{FAE04EC0-301F-11D3-BF4B-00C04F79EFBC}") = "GenDBScript", "GenDBScript\GenDBScript.csproj", "{3694ABD2-8C71-4C63-A187-93526A7C78DA}"
EndProject
Global
	GlobalSection(SolutionConfigurationPlatforms) = preSolution
		Debug|Any CPU = Debug|Any CPU
		Release|Any CPU = Release|Any CPU
	EndGlobalSection
	GlobalSection(ProjectConfigurationPlatforms) = postSolution
		{3694ABD2-8C71-4C63-A187-93526A7C78DA}.Debug|Any CPU.ActiveCfg = Debug|Any CPU
		{3694ABD2-8C71-4C63-A187-93526A7C78DA}.Debug|Any CPU.Build.0 = Debug|Any CPU
		{3694ABD2-8C71-4C63-A187-93526A7C78DA}.Release|Any CPU.ActiveCfg = Release|Any CPU
		{3694ABD2-8C71-4C63-A187-93526A7C78DA}.Release|Any CPU.Build.0 = Release|Any CPU
	EndGlobalSection
	GlobalSection(SolutionProperties) = preSolution
		HideSolutionNode = FALSE
	EndGlobalSection
EndGlobal
